
Microsoft Visual Studio Solution File, Format Version 12.00
# Visual Studio Version 17
VisualStudioVersion = 17.14.37111.16
MinimumVisualStudioVersion = 10.0.40219.1
Project("{FAE04EC0-301F-11D3-BF4B-00C04F79EFBC}") = "SNUSSensorSystem.IngestionService", "SNUSSensorSystem.IngestionService\SNUSSensorSystem.IngestionService.csproj", "{DA2763F4-AF4A-1651-FE63-3E6B5288EB2B}"
EndProject
Project("{FAE04EC0-301F-11D3-BF4B-00C04F79EFBC}") = "SNUSSensorSystem.ConsensusService", "SNUSSensorSystem.ConsensusService\SNUSSensorSystem.ConsensusService.csproj", "{0C76AD14-AD87-6947-B8D4-FFE657A2E55E}"
EndProject
Project("{FAE04EC0-301F-11D3-BF4B-00C04F79EFBC}") = "SNUSSensorSystem.Ingress", "SNUSSensorSystem.Ingress\SNUSSensorSystem.Ingress.csproj", "{F85CC809-F20C-88C5-AD5E-08F5F2DEB7A0}"
EndProject
Project("{FAE04EC0-301F-11D3-BF4B-00C04F79EFBC}") = "SNUSSensorSystem.NotificationService", "SNUSSensorSystem.NotificationService\SNUSSensorSystem.NotificationService.csproj", "{2E83551B-F1FE-C9D0-FF1F-028FCA7990F5}"
EndProject
Project("{FAE04EC0-301F-11D3-BF4B-00C04F79EFBC}") = "SNUSSensorSystem.SensorClient", "SNUSSensorSystem.SensorClient\SNUSSensorSystem.SensorClient.csproj", "{AD1B0288-6E59-BE74-D806-73AFD6C44E47}"
EndProject
Project("{FAE04EC0-301F-11D3-BF4B-00C04F79EFBC}") = "SNUSSensorSystem.Shared", "SNUSSensorSystem.Shared\SNUSSensorSystem.Shared.csproj", "{9FAB5F08-EC34-9015-8378-73EE7110E086}"
EndProject
Global
	GlobalSection(SolutionConfigurationPlatforms) = preSolution
		Debug|Any CPU = Debug|Any CPU
		Debug|x64 = Debug|x64
		Debug|x86 = Debug|x86
		Release|Any CPU = Release|Any CPU
		Release|x64 = Release|x64
		Release|x86 = Release|x86
	EndGlobalSection
	GlobalSection(ProjectConfigurationPlatforms) = postSolution
		{DA2763F4-AF4A-1651-FE63-3E6B5288EB2B}.Debug|Any CPU.ActiveCfg = Debug|Any CPU
		{DA2763F4-AF4A-1651-FE63-3E6B5288EB2B}.Debug|Any CPU.Build.0 = Debug|Any CPU
		{DA2763F4-AF4A-1651-FE63-3E6B5288EB2B}.Debug|x64.ActiveCfg = Debug|Any CPU
		{DA2763F4-AF4A-1651-FE63-3E6B5288EB2B}.Debug|x64.Build.0 = Debug|Any CPU
		{DA2763F4-AF4A-1651-FE63-3E6B5288EB2B}.Debug|x86.ActiveCfg = Debug|Any CPU
		{DA2763F4-AF4A-1651-FE63-3E6B5288EB2B}.Debug|x86.Build.0 = Debug|Any CPU
		{DA2763F4-AF4A-1651-FE63-3E6B5288EB2B}.Release|Any CPU.ActiveCfg = Release|Any CPU
		{DA2763F4-AF4A-1651-FE63-3E6B5288EB2B}.Release|Any CPU.Build.0 = Release|Any CPU
		{DA2763F4-AF4A-1651-FE63-3E6B5288EB2B}.Release|x64.ActiveCfg = Release|Any CPU
		{DA2763F4-AF4A-1651-FE63-3E6B5288EB2B}.Release|x64.Build.0 = Release|Any CPU
		{DA2763F4-AF4A-1651-FE63-3E6B5288EB2B}.Release|x86.ActiveCfg = Release|Any CPU
		{DA2763F4-AF4A-1651-FE63-3E6B5288EB2B}.Release|x86.Build.0 = Release|Any CPU
		{0C76AD14-AD87-6947-B8D4-FFE657A2E55E}.Debug|Any CPU.ActiveCfg = Debug|Any CPU
		{0C76AD14-AD87-6947-B8D4-FFE657A2E55E}.Debug|Any CPU.Build.0 = Debug|Any CPU
		{0C76AD14-AD87-6947-B8D4-FFE657A2E55E}.Debug|x64.ActiveCfg = Debug|Any CPU
		{0C76AD14-AD87-6947-B8D4-FFE657A2E55E}.Debug|x64.Build.0 = Debug|Any CPU
		{0C76AD14-AD87-6947-B8D4-FFE657A2E55E}.Debug|x86.ActiveCfg = Debug|Any CPU
		{0C76AD14-AD87-6947-B8D4-FFE657A2E55E}.Debug|x86.Build.0 = Debug|Any CPU
		{0C76AD14-AD87-6947-B8D4-FFE657A2E55E}.Release|Any CPU.ActiveCfg = Release|Any CPU
		{0C76AD14-AD87-6947-B8D4-FFE657A2E55E}.Release|Any CPU.Build.0 = Release|Any CPU
		{0C76AD14-AD87-6947-B8D4-FFE657A2E55E}.Release|x64.ActiveCfg = Release|Any CPU
		{0C76AD14-AD87-6947-B8D4-FFE657A2E55E}.Release|x64.Build.0 = Release|Any CPU
		{0C76AD14-AD87-6947-B8D4-FFE657A2E55E}.Release|x86.ActiveCfg = Release|Any CPU
		{0C76AD14-AD87-6947-B8D4-FFE657A2E55E}.Release|x86.Build.0 = Release|Any CPU
		{F85CC809-F20C-88C5-AD5E-08F5F2DEB7A0}.Debug|Any CPU.ActiveCfg = Debug|Any CPU
		{F85CC809-F20C-88C5-AD5E-08F5F2DEB7A0}.Debug|Any CPU.Build.0 = Debug|Any CPU
		{F85CC809-F20C-88C5-AD5E-08F5F2DEB7A0}.Debug|x64.ActiveCfg = Debug|Any CPU
		{F85CC809-F20C-88C5-AD5E-08F5F2DEB7A0}.Debug|x64.Build.0 = Debug|Any CPU
		{F85CC809-F20C-88C5-AD5E-08F5F2DEB7A0}.Debug|x86.ActiveCfg = Debug|Any CPU
		{F85CC809-F20C-88C5-AD5E-08F5F2DEB7A0}.Debug|x86.Build.0 = Debug|Any CPU
		{F85CC809-F20C-88C5-AD5E-08F5F2DEB7A0}.Release|Any CPU.ActiveCfg = Release|Any CPU
		{F85CC809-F20C-88C5-AD5E-08F5F2DEB7A0}.Release|Any CPU.Build.0 = Release|Any CPU
		{F85CC809-F20C-88C5-AD5E-08F5F2DEB7A0}.Release|x64.ActiveCfg = Release|Any CPU
		{F85CC809-F20C-88C5-AD5E-08F5F2DEB7A0}.Release|x64.Build.0 = Release|Any CPU
		{F85CC809-F20C-88C5-AD5E-08F5F2DEB7A0}.Release|x86.ActiveCfg = Release|Any CPU
		{F85CC809-F20C-88C5-AD5E-08F5F2DEB7A0}.Release|x86.Build.0 = Release|Any CPU
		{2E83551B-F1FE-C9D0-FF1F-028FCA7990F5}.Debug|Any CPU.ActiveCfg = Debug|Any CPU
		{2E83551B-F1FE-C9D0-FF1F-028FCA7990F5}.Debug|Any CPU.Build.0 = Debug|Any CPU
		{2E83551B-F1FE-C9D0-FF1F-028FCA7990F5}.Debug|x64.ActiveCfg = Debug|Any CPU
		{2E83551B-F1FE-C9D0-FF1F-028FCA7990F5}.Debug|x64.Build.0 = Debug|Any CPU
		{2E83551B-F1FE-C9D0-FF1F-028FCA7990F5}.Debug|x86.ActiveCfg = Debug|Any CPU
		{2E83551B-F1FE-C9D0-FF1F-028FCA7990F5}.Debug|x86.Build.0 = Debug|Any CPU
		{2E83551B-F1FE-C9D0-FF1F-028FCA7990F5}.Release|Any CPU.ActiveCfg = Release|Any CPU
		{2E83551B-F1FE-C9D0-FF1F-028FCA7990F5}.Release|Any CPU.Build.0 = Release|Any CPU
		{2E83551B-F1FE-C9D0-FF1F-028FCA7990F5}.Release|x64.ActiveCfg = Release|Any CPU
		{2E83551B-F1FE-C9D0-FF1F-028FCA7990F5}.Release|x64.Build.0 = Release|Any CPU
		{2E83551B-F1FE-C9D0-FF1F-028FCA7990F5}.Release|x86.ActiveCfg = Release|Any CPU
		{2E83551B-F1FE-C9D0-FF1F-028FCA7990F5}.Release|x86.Build.0 = Release|Any CPU
		{AD1B0288-6E59-BE74-D806-73AFD6C44E47}.Debug|Any CPU.ActiveCfg = Debug|Any CPU
		{AD1B0288-6E59-BE74-D806-73AFD6C44E47}.Debug|Any CPU.Build.0 = Debug|Any CPU
		{AD1B0288-6E59-BE74-D806-73AFD6C44E47}.Debug|x64.ActiveCfg = Debug|Any CPU
		{AD1B0288-6E59-BE74-D806-73AFD6C44E47}.Debug|x64.Build.0 = Debug|Any CPU
		{AD1B0288-6E59-BE74-D806-73AFD6C44E47}.Debug|x86.ActiveCfg = Debug|Any CPU
		{AD1B0288-6E59-BE74-D806-73AFD6C44E47}.Debug|x86.Build.0 = Debug|Any CPU
		{AD1B0288-6E59-BE74-D806-73AFD6C44E47}.Release|Any CPU.ActiveCfg = Release|Any CPU
		{AD1B0288-6E59-BE74-D806-73AFD6C44E47}.Release|Any CPU.Build.0 = Release|Any CPU
		{AD1B0288-6E59-BE74-D806-73AFD6C44E47}.Release|x64.ActiveCfg = Release|Any CPU
		{AD1B0288-6E59-BE74-D806-73AFD6C44E47}.Release|x64.Build.0 = Release|Any CPU
		{AD1B0288-6E59-BE74-D806-73AFD6C44E47}.Release|x86.ActiveCfg = Release|Any CPU
		{AD1B0288-6E59-BE74-D806-73AFD6C44E47}.Release|x86.Build.0 = Release|Any CPU
		{9FAB5F08-EC34-9015-8378-73EE7110E086}.Debug|Any CPU.ActiveCfg = Debug|Any CPU
		{9FAB5F08-EC34-9015-8378-73EE7110E086}.Debug|Any CPU.Build.0 = Debug|Any CPU
		{9FAB5F08-EC34-9015-8378-73EE7110E086}.Debug|x64.ActiveCfg = Debug|Any CPU
		{9FAB5F08-EC34-9015-8378-73EE7110E086}.Debug|x64.Build.0 = Debug|Any CPU
		{9FAB5F08-EC34-9015-8378-73EE7110E086}.Debug|x86.ActiveCfg = Debug|Any CPU
		{9FAB5F08-EC34-9015-8378-73EE7110E086}.Debug|x86.Build.0 = Debug|Any CPU
		{9FAB5F08-EC34-9015-8378-73EE7110E086}.Release|Any CPU.ActiveCfg = Release|Any CPU
		{9FAB5F08-EC34-9015-8378-73EE7110E086}.Release|Any CPU.Build.0 = Release|Any CPU
		{9FAB5F08-EC34-9015-8378-73EE7110E086}.Release|x64.ActiveCfg = Release|Any CPU
		{9FAB5F08-EC34-9015-8378-73EE7110E086}.Release|x64.Build.0 = Release|Any CPU
		{9FAB5F08-EC34-9015-8378-73EE7110E086}.Release|x86.ActiveCfg = Release|Any CPU
		{9FAB5F08-EC34-9015-8378-73EE7110E086}.Release|x86.Build.0 = Release|Any CPU
	EndGlobalSection
	GlobalSection(SolutionProperties) = preSolution
		HideSolutionNode = FALSE
	EndGlobalSection
	GlobalSection(ExtensibilityGlobals) = postSolution
		SolutionGuid = {731C8916-36C7-4959-B33F-29DFD467E040}
	EndGlobalSection
EndGlobal
